
Microsoft Visual Studio Solution File, Format Version 12.00
# Visual Studio Version 16
VisualStudioVersion = 16.0.33927.289
MinimumVisualStudioVersion = 10.0.40219.1
Project("{FAE04EC0-301F-11D3-BF4B-00C04F79EFBC}") = "EjemploAmazon", "EjemploAmazon\EjemploAmazon.csproj", "{ACF2BE5F-A0A8-4377-92AB-061867214B83}"
EndProject
Global
	GlobalSection(SolutionConfigurationPlatforms) = preSolution
		Debug|Any CPU = Debug|Any CPU
		Release|Any CPU = Release|Any CPU
	EndGlobalSection
	GlobalSection(ProjectConfigurationPlatforms) = postSolution
		{ACF2BE5F-A0A8-4377-92AB-061867214B83}.Debug|Any CPU.ActiveCfg = Debug|Any CPU
		{ACF2BE5F-A0A8-4377-92AB-061867214B83}.Debug|Any CPU.Build.0 = Debug|Any CPU
		{ACF2BE5F-A0A8-4377-92AB-061867214B83}.Release|Any CPU.ActiveCfg = Release|Any CPU
		{ACF2BE5F-A0A8-4377-92AB-061867214B83}.Release|Any CPU.Build.0 = Release|Any CPU
	EndGlobalSection
	GlobalSection(SolutionProperties) = preSolution
		HideSolutionNode = FALSE
	EndGlobalSection
	GlobalSection(ExtensibilityGlobals) = postSolution
		SolutionGuid = {5B7A8FF9-30B7-40B4-9C9F-657F0EC67D65}
	EndGlobalSection
EndGlobal
